
Microsoft Visual Studio Solution File, Format Version 12.00
# Visual Studio Version 16
VisualStudioVersion = 16.0.31321.278
MinimumVisualStudioVersion = 10.0.40219.1
Project("{FAE04EC0-301F-11D3-BF4B-00C04F79EFBC}") = "Fil.Rouge2.web", "Fil.Rouge2\Fil.Rouge2.web.csproj", "{C506F0E7-DAE4-44D8-A976-203CA456EF4B}"
EndProject
Project("{FAE04EC0-301F-11D3-BF4B-00C04F79EFBC}") = "Fil.Rouge.DataAccessLayer", "..\Fil.Rouge1\Fil.Rouge.DataAccessLayer\Fil.Rouge.DataAccessLayer.csproj", "{DBF4D94C-66DB-41B7-B6DD-26807C78878B}"
EndProject
Global
	GlobalSection(SolutionConfigurationPlatforms) = preSolution
		Debug|Any CPU = Debug|Any CPU
		Release|Any CPU = Release|Any CPU
	EndGlobalSection
	GlobalSection(ProjectConfigurationPlatforms) = postSolution
		{C506F0E7-DAE4-44D8-A976-203CA456EF4B}.Debug|Any CPU.ActiveCfg = Debug|Any CPU
		{C506F0E7-DAE4-44D8-A976-203CA456EF4B}.Debug|Any CPU.Build.0 = Debug|Any CPU
		{C506F0E7-DAE4-44D8-A976-203CA456EF4B}.Release|Any CPU.ActiveCfg = Release|Any CPU
		{C506F0E7-DAE4-44D8-A976-203CA456EF4B}.Release|Any CPU.Build.0 = Release|Any CPU
		{DBF4D94C-66DB-41B7-B6DD-26807C78878B}.Debug|Any CPU.ActiveCfg = Debug|Any CPU
		{DBF4D94C-66DB-41B7-B6DD-26807C78878B}.Debug|Any CPU.Build.0 = Debug|Any CPU
		{DBF4D94C-66DB-41B7-B6DD-26807C78878B}.Release|Any CPU.ActiveCfg = Release|Any CPU
		{DBF4D94C-66DB-41B7-B6DD-26807C78878B}.Release|Any CPU.Build.0 = Release|Any CPU
	EndGlobalSection
	GlobalSection(SolutionProperties) = preSolution
		HideSolutionNode = FALSE
	EndGlobalSection
	GlobalSection(ExtensibilityGlobals) = postSolution
		SolutionGuid = {3ADE38F6-D445-402B-BDED-C8F9E883BEDD}
	EndGlobalSection
EndGlobal
